
Microsoft Visual Studio Solution File, Format Version 12.00
# Visual Studio 12
VisualStudioVersion = 12.0.40629.0
MinimumVisualStudioVersion = 10.0.40219.1
Project("{8BC9CEB8-8B4A-11D0-8D11-00A0C91BC942}") = "glew_static", "glew_static.vcxproj", "{664E6F0D-6784-4760-9565-D54F8EB1EDF4}"
EndProject
Project("{8BC9CEB8-8B4A-11D0-8D11-00A0C91BC942}") = "glfw", "glfw.vcxproj", "{4F857530-5BF3-4B63-AABD-B8EA6BA1F9F7}"
EndProject
Project("{8BC9CEB8-8B4A-11D0-8D11-00A0C91BC942}") = "nanovg", "nanovg.vcxproj", "{241CD2A5-C457-4DE4-809D-39D490066C50}"
EndProject
Project("{8BC9CEB8-8B4A-11D0-8D11-00A0C91BC942}") = "libmad", "libmad.vcxproj", "{E686A8FB-52B0-4C7F-A3FE-2ACD25DA84F5}"
EndProject
Project("{8BC9CEB8-8B4A-11D0-8D11-00A0C91BC942}") = "nanogl", "nanogl.vcxproj", "{C03D1695-0536-452B-91E7-30A257845FDB}"
	ProjectSection(ProjectDependencies) = postProject
		{664E6F0D-6784-4760-9565-D54F8EB1EDF4} = {664E6F0D-6784-4760-9565-D54F8EB1EDF4}
		{4F857530-5BF3-4B63-AABD-B8EA6BA1F9F7} = {4F857530-5BF3-4B63-AABD-B8EA6BA1F9F7}
		{241CD2A5-C457-4DE4-809D-39D490066C50} = {241CD2A5-C457-4DE4-809D-39D490066C50}
		{6263EFC8-8E0E-4875-9348-29B3E01AB936} = {6263EFC8-8E0E-4875-9348-29B3E01AB936}
		{E686A8FB-52B0-4C7F-A3FE-2ACD25DA84F5} = {E686A8FB-52B0-4C7F-A3FE-2ACD25DA84F5}
	EndProjectSection
EndProject
Project("{8BC9CEB8-8B4A-11D0-8D11-00A0C91BC942}") = "OpenAL32", "OpenAL32.vcxproj", "{6263EFC8-8E0E-4875-9348-29B3E01AB936}"
EndProject
Global
	GlobalSection(SolutionConfigurationPlatforms) = preSolution
		Debug|x86 = Debug|x86
		Release|x86 = Release|x86
	EndGlobalSection
	GlobalSection(ProjectConfigurationPlatforms) = postSolution
		{664E6F0D-6784-4760-9565-D54F8EB1EDF4}.Debug|x86.ActiveCfg = Debug|Win32
		{664E6F0D-6784-4760-9565-D54F8EB1EDF4}.Debug|x86.Build.0 = Debug|Win32
		{664E6F0D-6784-4760-9565-D54F8EB1EDF4}.Release|x86.ActiveCfg = Release|Win32
		{664E6F0D-6784-4760-9565-D54F8EB1EDF4}.Release|x86.Build.0 = Release|Win32
		{4F857530-5BF3-4B63-AABD-B8EA6BA1F9F7}.Debug|x86.ActiveCfg = Debug|Win32
		{4F857530-5BF3-4B63-AABD-B8EA6BA1F9F7}.Debug|x86.Build.0 = Debug|Win32
		{4F857530-5BF3-4B63-AABD-B8EA6BA1F9F7}.Release|x86.ActiveCfg = Release|Win32
		{4F857530-5BF3-4B63-AABD-B8EA6BA1F9F7}.Release|x86.Build.0 = Release|Win32
		{241CD2A5-C457-4DE4-809D-39D490066C50}.Debug|x86.ActiveCfg = Debug|Win32
		{241CD2A5-C457-4DE4-809D-39D490066C50}.Debug|x86.Build.0 = Debug|Win32
		{241CD2A5-C457-4DE4-809D-39D490066C50}.Release|x86.ActiveCfg = Release|Win32
		{241CD2A5-C457-4DE4-809D-39D490066C50}.Release|x86.Build.0 = Release|Win32
		{E686A8FB-52B0-4C7F-A3FE-2ACD25DA84F5}.Debug|x86.ActiveCfg = Debug|Win32
		{E686A8FB-52B0-4C7F-A3FE-2ACD25DA84F5}.Debug|x86.Build.0 = Debug|Win32
		{E686A8FB-52B0-4C7F-A3FE-2ACD25DA84F5}.Release|x86.ActiveCfg = Release|Win32
		{E686A8FB-52B0-4C7F-A3FE-2ACD25DA84F5}.Release|x86.Build.0 = Release|Win32
		{C03D1695-0536-452B-91E7-30A257845FDB}.Debug|x86.ActiveCfg = Debug|Win32
		{C03D1695-0536-452B-91E7-30A257845FDB}.Debug|x86.Build.0 = Debug|Win32
		{C03D1695-0536-452B-91E7-30A257845FDB}.Release|x86.ActiveCfg = Release|Win32
		{C03D1695-0536-452B-91E7-30A257845FDB}.Release|x86.Build.0 = Release|Win32
		{6263EFC8-8E0E-4875-9348-29B3E01AB936}.Debug|x86.ActiveCfg = Debug|Win32
		{6263EFC8-8E0E-4875-9348-29B3E01AB936}.Debug|x86.Build.0 = Debug|Win32
		{6263EFC8-8E0E-4875-9348-29B3E01AB936}.Release|x86.ActiveCfg = Release|Win32
		{6263EFC8-8E0E-4875-9348-29B3E01AB936}.Release|x86.Build.0 = Release|Win32
	EndGlobalSection
	GlobalSection(SolutionProperties) = preSolution
		HideSolutionNode = FALSE
	EndGlobalSection
EndGlobal
