<?xml version="1.0" encoding="utf-8"?>
<Project ToolsVersion="4.0" xmlns="http://schemas.microsoft.com/developer/msbuild/2003">
  <ItemGroup>
    <ClCompile Include="..\src\NanoGL\Start.c" />
    <ClCompile Include="..\src\NanoGL\Sound\SoundChannel\ChannelManager.c">
      <Filter>Sound\SoundChannel</Filter>
    </ClCompile>
    <ClCompile Include="..\src\NanoGL\Sound\Sound.c">
      <Filter>Sound</Filter>
    </ClCompile>
    <ClCompile Include="..\src\NanoGL\Sound\SoundChannel\StreamChannel\StreamChannel.c">
      <Filter>Sound\SoundChannel\StreamChannel</Filter>
    </ClCompile>
    <ClCompile Include="..\src\NanoGL\Sound\SoundChannel\StreamReader\mp3\mp3_reader.c">
      <Filter>Sound\SoundChannel\StreamReader\mp3</Filter>
    </ClCompile>
    <ClCompile Include="..\src\NanoGL\Sound\SoundChannel\StreamReader\ogg\ogg_reader.c">
      <Filter>Sound\SoundChannel\StreamReader\ogg</Filter>
    </ClCompile>
    <ClCompile Include="..\src\NanoGL\Sound\SoundChannel\StreamReader\wav\wav_reader.c">
      <Filter>Sound\SoundChannel\StreamReader\wav</Filter>
    </ClCompile>
    <ClCompile Include="..\src\NanoGL\Sound\SoundChannel\StreamReader\null\null_reader.c">
      <Filter>Sound\SoundChannel\StreamReader\null</Filter>
    </ClCompile>
    <ClCompile Include="..\src\NanoGL\Debug\Debug.c">
      <Filter>Debug</Filter>
    </ClCompile>
    <ClCompile Include="..\src\NanoGL\String\String.c">
      <Filter>String</Filter>
    </ClCompile>
    <ClCompile Include="..\src\NanoGL\System\System.c">
      <Filter>System</Filter>
    </ClCompile>
    <ClCompile Include="..\src\NanoGL\Video\FpsTimer.c">
      <Filter>Video</Filter>
    </ClCompile>
    <ClCompile Include="..\src\NanoGL\Video\nanovg-extra-apis.c">
      <Filter>Video</Filter>
    </ClCompile>
    <ClCompile Include="..\src\NanoGL\Video\Video.c">
      <Filter>Video</Filter>
    </ClCompile>
    <ClCompile Include="..\src\NanoGL\Sound\SoundChannel\StreamReader\ogg\stb_vorbis.c">
      <Filter>Sound\SoundChannel\StreamReader\ogg</Filter>
    </ClCompile>
    <ClCompile Include="..\src\NanoGL\Dialog\Dialog.h">
      <Filter>Dialog</Filter>
    </ClCompile>
    <ClCompile Include="..\src\NanoGL\Dialog\Dialog.windows.c">
      <Filter>Dialog</Filter>
    </ClCompile>
    <ClCompile Include="..\src\NanoGL\String\CharCodeHelper.c">
      <Filter>String</Filter>
    </ClCompile>
  </ItemGroup>
  <ItemGroup>
    <ClInclude Include="..\src\NanoGL\Sound\SoundChannel\ChannelManager.h">
      <Filter>Sound\SoundChannel</Filter>
    </ClInclude>
    <ClInclude Include="..\src\NanoGL\Sound\SoundChannel\StreamChannel\StreamChannel.h">
      <Filter>Sound\SoundChannel\StreamChannel</Filter>
    </ClInclude>
    <ClInclude Include="..\src\NanoGL\Sound\SoundChannel\StreamReader\StreamReader.h">
      <Filter>Sound\SoundChannel\StreamReader</Filter>
    </ClInclude>
    <ClInclude Include="..\src\NanoGL\Sound\SoundChannel\StreamReader\Interface.h">
      <Filter>Sound\SoundChannel\StreamReader</Filter>
    </ClInclude>
    <ClInclude Include="..\src\NanoGL\Sound\SoundChannel\StreamReader\mp3\mp3_reader.h">
      <Filter>Sound\SoundChannel\StreamReader\mp3</Filter>
    </ClInclude>
    <ClInclude Include="..\src\NanoGL\Sound\SoundChannel\StreamReader\ogg\ogg_reader.h">
      <Filter>Sound\SoundChannel\StreamReader\ogg</Filter>
    </ClInclude>
    <ClInclude Include="..\src\NanoGL\Sound\SoundChannel\StreamReader\wav\wav_reader.h">
      <Filter>Sound\SoundChannel\StreamReader\wav</Filter>
    </ClInclude>
    <ClInclude Include="..\src\NanoGL\Sound\SoundChannel\StreamReader\null\null_reader.h">
      <Filter>Sound\SoundChannel\StreamReader\null</Filter>
    </ClInclude>
    <ClInclude Include="..\src\NanoGL\Sound\Sound.h">
      <Filter>Sound</Filter>
    </ClInclude>
    <ClInclude Include="..\src\NanoGL\Debug\Debug.h">
      <Filter>Debug</Filter>
    </ClInclude>
    <ClInclude Include="..\src\NanoGL\Math\Math.h">
      <Filter>Math</Filter>
    </ClInclude>
    <ClInclude Include="..\src\NanoGL\String\String.h">
      <Filter>String</Filter>
    </ClInclude>
    <ClInclude Include="..\src\NanoGL\System\System.h">
      <Filter>System</Filter>
    </ClInclude>
    <ClInclude Include="..\src\NanoGL\Video\FpsTimer.h">
      <Filter>Video</Filter>
    </ClInclude>
    <ClInclude Include="..\src\NanoGL\Video\nanovg-extra-apis.h">
      <Filter>Video</Filter>
    </ClInclude>
    <ClInclude Include="..\src\NanoGL\Video\Video.h">
      <Filter>Video</Filter>
    </ClInclude>
    <ClInclude Include="..\src\NanoGL\String\CharCodeHelper.h">
      <Filter>String</Filter>
    </ClInclude>
  </ItemGroup>
  <ItemGroup>
    <Filter Include="Sound">
      <UniqueIdentifier>{37056f45-d817-4891-abc1-315a0b4386b7}</UniqueIdentifier>
    </Filter>
    <Filter Include="Sound\SoundChannel">
      <UniqueIdentifier>{8af00681-18ee-4a7a-9e89-f00751e24278}</UniqueIdentifier>
    </Filter>
    <Filter Include="Sound\SoundChannel\StreamChannel">
      <UniqueIdentifier>{189d9e4c-f667-42cc-8320-a027e55775d0}</UniqueIdentifier>
    </Filter>
    <Filter Include="Sound\SoundChannel\StreamReader">
      <UniqueIdentifier>{c8763668-f5da-4ee3-a8e3-eb356ab37fc9}</UniqueIdentifier>
    </Filter>
    <Filter Include="Sound\SoundChannel\StreamReader\mp3">
      <UniqueIdentifier>{a94f9603-9eae-40d3-8a61-196aea53536f}</UniqueIdentifier>
    </Filter>
    <Filter Include="Sound\SoundChannel\StreamReader\ogg">
      <UniqueIdentifier>{c45550bb-9f6a-4039-9f4b-9ef17a3f9577}</UniqueIdentifier>
    </Filter>
    <Filter Include="Sound\SoundChannel\StreamReader\wav">
      <UniqueIdentifier>{46284dfc-e204-43b6-9fe9-2a12f8b3d3bb}</UniqueIdentifier>
    </Filter>
    <Filter Include="Sound\SoundChannel\StreamReader\null">
      <UniqueIdentifier>{e02f9725-f0fa-4137-ad8d-ac3ad56685e4}</UniqueIdentifier>
    </Filter>
    <Filter Include="Debug">
      <UniqueIdentifier>{f5219304-1a42-4e18-8e1f-89062fa388ad}</UniqueIdentifier>
    </Filter>
    <Filter Include="Math">
      <UniqueIdentifier>{9fe76211-5146-444b-80f4-d0af2becf6f3}</UniqueIdentifier>
    </Filter>
    <Filter Include="String">
      <UniqueIdentifier>{b5998057-54ce-4d92-ad55-b47427aedd4c}</UniqueIdentifier>
    </Filter>
    <Filter Include="System">
      <UniqueIdentifier>{fd4f0e1a-80c4-4629-bdc8-c1f7b4a9a755}</UniqueIdentifier>
    </Filter>
    <Filter Include="Video">
      <UniqueIdentifier>{726887cd-e0ca-4788-ada1-a3e93c426308}</UniqueIdentifier>
    </Filter>
    <Filter Include="Dialog">
      <UniqueIdentifier>{2f6db6a6-9528-4bff-893f-5ef7313812f9}</UniqueIdentifier>
    </Filter>
  </ItemGroup>
</Project>